
Microsoft Visual Studio Solution File, Format Version 12.00
# Visual Studio Version 17
VisualStudioVersion = 17.10.34916.146
MinimumVisualStudioVersion = 10.0.40219.1
Project("{2150E333-8FDC-42A3-9474-1A3956D46DE8}") = "BookingService", "BookingService", "{0023536D-EE5F-4410-8852-91598FCD3C53}"
EndProject
Project("{2150E333-8FDC-42A3-9474-1A3956D46DE8}") = "PaymentService", "PaymentService", "{9769FDCF-85DB-45E5-966F-9C18A53DC354}"
EndProject
Project("{2150E333-8FDC-42A3-9474-1A3956D46DE8}") = "Core", "Core", "{0A2E9A1C-0F5F-458F-8CFD-8A71E14F0E35}"
EndProject
Project("{2150E333-8FDC-42A3-9474-1A3956D46DE8}") = "Domain", "Domain", "{765E99F6-2786-4383-885D-19CB4CF21EB4}"
EndProject
Project("{2150E333-8FDC-42A3-9474-1A3956D46DE8}") = "Application", "Application", "{57196B4D-864A-42C9-8B98-D73861CC509C}"
EndProject
Project("{9A19103F-16F7-4668-BE54-9A1E7A4F7556}") = "Domain", "BookingService\Core\Domain\Domain.csproj", "{C08C661E-0FB6-48DF-BA02-C7A54CDBE08F}"
EndProject
Project("{9A19103F-16F7-4668-BE54-9A1E7A4F7556}") = "Application", "BookingService\Core\Application\Application.csproj", "{4D28622E-D0F2-4A63-BC73-2E953DAF1031}"
EndProject
Project("{2150E333-8FDC-42A3-9474-1A3956D46DE8}") = "Tests", "Tests", "{89E7249E-17BD-44F7-B985-732B1670FC39}"
EndProject
Project("{2150E333-8FDC-42A3-9474-1A3956D46DE8}") = "Adapters", "Adapters", "{514B255F-779B-4D6F-B960-B6DA325EB790}"
EndProject
Project("{2150E333-8FDC-42A3-9474-1A3956D46DE8}") = "Consumers", "Consumers", "{DB5406B6-CD17-43D5-9E5F-7C82D0590EEB}"
EndProject
Project("{9A19103F-16F7-4668-BE54-9A1E7A4F7556}") = "API", "BookingService\Consumers\API\API.csproj", "{2708AAA4-9C62-4612-80DE-C4E0A6408B4C}"
EndProject
Project("{9A19103F-16F7-4668-BE54-9A1E7A4F7556}") = "Data", "BookingService\Adapters\Data\Data.csproj", "{FFE0C37C-619F-4712-AB18-B5F428F406AB}"
EndProject
Project("{9A19103F-16F7-4668-BE54-9A1E7A4F7556}") = "DomainTests", "BookingService\Tests\DomainTests\DomainTests.csproj", "{DF97C20D-7834-41F0-8FD1-7268530F8423}"
EndProject
Project("{9A19103F-16F7-4668-BE54-9A1E7A4F7556}") = "AdaptersTests", "BookingService\Tests\AdaptersTests\AdaptersTests.csproj", "{7B4139B5-DD34-42C8-8CD2-E7B597482FBD}"
EndProject
Project("{FAE04EC0-301F-11D3-BF4B-00C04F79EFBC}") = "ApplicationTests", "BookingService\Tests\ApplicationTests\ApplicationTests.csproj", "{EAB7C2BE-E727-4B09-9472-68035391DBE4}"
EndProject
Global
	GlobalSection(SolutionConfigurationPlatforms) = preSolution
		Debug|Any CPU = Debug|Any CPU
		Release|Any CPU = Release|Any CPU
	EndGlobalSection
	GlobalSection(ProjectConfigurationPlatforms) = postSolution
		{C08C661E-0FB6-48DF-BA02-C7A54CDBE08F}.Debug|Any CPU.ActiveCfg = Debug|Any CPU
		{C08C661E-0FB6-48DF-BA02-C7A54CDBE08F}.Debug|Any CPU.Build.0 = Debug|Any CPU
		{C08C661E-0FB6-48DF-BA02-C7A54CDBE08F}.Release|Any CPU.ActiveCfg = Release|Any CPU
		{C08C661E-0FB6-48DF-BA02-C7A54CDBE08F}.Release|Any CPU.Build.0 = Release|Any CPU
		{4D28622E-D0F2-4A63-BC73-2E953DAF1031}.Debug|Any CPU.ActiveCfg = Debug|Any CPU
		{4D28622E-D0F2-4A63-BC73-2E953DAF1031}.Debug|Any CPU.Build.0 = Debug|Any CPU
		{4D28622E-D0F2-4A63-BC73-2E953DAF1031}.Release|Any CPU.ActiveCfg = Release|Any CPU
		{4D28622E-D0F2-4A63-BC73-2E953DAF1031}.Release|Any CPU.Build.0 = Release|Any CPU
		{2708AAA4-9C62-4612-80DE-C4E0A6408B4C}.Debug|Any CPU.ActiveCfg = Debug|Any CPU
		{2708AAA4-9C62-4612-80DE-C4E0A6408B4C}.Debug|Any CPU.Build.0 = Debug|Any CPU
		{2708AAA4-9C62-4612-80DE-C4E0A6408B4C}.Release|Any CPU.ActiveCfg = Release|Any CPU
		{2708AAA4-9C62-4612-80DE-C4E0A6408B4C}.Release|Any CPU.Build.0 = Release|Any CPU
		{FFE0C37C-619F-4712-AB18-B5F428F406AB}.Debug|Any CPU.ActiveCfg = Debug|Any CPU
		{FFE0C37C-619F-4712-AB18-B5F428F406AB}.Debug|Any CPU.Build.0 = Debug|Any CPU
		{FFE0C37C-619F-4712-AB18-B5F428F406AB}.Release|Any CPU.ActiveCfg = Release|Any CPU
		{FFE0C37C-619F-4712-AB18-B5F428F406AB}.Release|Any CPU.Build.0 = Release|Any CPU
		{DF97C20D-7834-41F0-8FD1-7268530F8423}.Debug|Any CPU.ActiveCfg = Debug|Any CPU
		{DF97C20D-7834-41F0-8FD1-7268530F8423}.Debug|Any CPU.Build.0 = Debug|Any CPU
		{DF97C20D-7834-41F0-8FD1-7268530F8423}.Release|Any CPU.ActiveCfg = Release|Any CPU
		{DF97C20D-7834-41F0-8FD1-7268530F8423}.Release|Any CPU.Build.0 = Release|Any CPU
		{7B4139B5-DD34-42C8-8CD2-E7B597482FBD}.Debug|Any CPU.ActiveCfg = Debug|Any CPU
		{7B4139B5-DD34-42C8-8CD2-E7B597482FBD}.Debug|Any CPU.Build.0 = Debug|Any CPU
		{7B4139B5-DD34-42C8-8CD2-E7B597482FBD}.Release|Any CPU.ActiveCfg = Release|Any CPU
		{7B4139B5-DD34-42C8-8CD2-E7B597482FBD}.Release|Any CPU.Build.0 = Release|Any CPU
		{EAB7C2BE-E727-4B09-9472-68035391DBE4}.Debug|Any CPU.ActiveCfg = Debug|Any CPU
		{EAB7C2BE-E727-4B09-9472-68035391DBE4}.Debug|Any CPU.Build.0 = Debug|Any CPU
		{EAB7C2BE-E727-4B09-9472-68035391DBE4}.Release|Any CPU.ActiveCfg = Release|Any CPU
		{EAB7C2BE-E727-4B09-9472-68035391DBE4}.Release|Any CPU.Build.0 = Release|Any CPU
	EndGlobalSection
	GlobalSection(SolutionProperties) = preSolution
		HideSolutionNode = FALSE
	EndGlobalSection
	GlobalSection(NestedProjects) = preSolution
		{0A2E9A1C-0F5F-458F-8CFD-8A71E14F0E35} = {0023536D-EE5F-4410-8852-91598FCD3C53}
		{765E99F6-2786-4383-885D-19CB4CF21EB4} = {0A2E9A1C-0F5F-458F-8CFD-8A71E14F0E35}
		{57196B4D-864A-42C9-8B98-D73861CC509C} = {0A2E9A1C-0F5F-458F-8CFD-8A71E14F0E35}
		{C08C661E-0FB6-48DF-BA02-C7A54CDBE08F} = {765E99F6-2786-4383-885D-19CB4CF21EB4}
		{4D28622E-D0F2-4A63-BC73-2E953DAF1031} = {57196B4D-864A-42C9-8B98-D73861CC509C}
		{89E7249E-17BD-44F7-B985-732B1670FC39} = {0023536D-EE5F-4410-8852-91598FCD3C53}
		{514B255F-779B-4D6F-B960-B6DA325EB790} = {0023536D-EE5F-4410-8852-91598FCD3C53}
		{DB5406B6-CD17-43D5-9E5F-7C82D0590EEB} = {0023536D-EE5F-4410-8852-91598FCD3C53}
		{2708AAA4-9C62-4612-80DE-C4E0A6408B4C} = {DB5406B6-CD17-43D5-9E5F-7C82D0590EEB}
		{FFE0C37C-619F-4712-AB18-B5F428F406AB} = {514B255F-779B-4D6F-B960-B6DA325EB790}
		{DF97C20D-7834-41F0-8FD1-7268530F8423} = {89E7249E-17BD-44F7-B985-732B1670FC39}
		{7B4139B5-DD34-42C8-8CD2-E7B597482FBD} = {89E7249E-17BD-44F7-B985-732B1670FC39}
		{EAB7C2BE-E727-4B09-9472-68035391DBE4} = {89E7249E-17BD-44F7-B985-732B1670FC39}
	EndGlobalSection
	GlobalSection(ExtensibilityGlobals) = postSolution
		SolutionGuid = {7B04A71A-0CBE-4B79-BB81-E66827C5553E}
	EndGlobalSection
EndGlobal
